
Microsoft Visual Studio Solution File, Format Version 12.00
# Visual Studio 15
VisualStudioVersion = 15.0.27703.2035
MinimumVisualStudioVersion = 10.0.40219.1
Project("{FAE04EC0-301F-11D3-BF4B-00C04F79EFBC}") = "AFS Excel Format", "AFS Excel Format\AFS Excel Format.csproj", "{974F3406-C1E2-4969-BFAA-FAE3FFB820CC}"
EndProject
Global
	GlobalSection(SolutionConfigurationPlatforms) = preSolution
		Debug|Any CPU = Debug|Any CPU
		Release|Any CPU = Release|Any CPU
	EndGlobalSection
	GlobalSection(ProjectConfigurationPlatforms) = postSolution
		{974F3406-C1E2-4969-BFAA-FAE3FFB820CC}.Debug|Any CPU.ActiveCfg = Debug|Any CPU
		{974F3406-C1E2-4969-BFAA-FAE3FFB820CC}.Debug|Any CPU.Build.0 = Debug|Any CPU
		{974F3406-C1E2-4969-BFAA-FAE3FFB820CC}.Release|Any CPU.ActiveCfg = Release|Any CPU
		{974F3406-C1E2-4969-BFAA-FAE3FFB820CC}.Release|Any CPU.Build.0 = Release|Any CPU
	EndGlobalSection
	GlobalSection(SolutionProperties) = preSolution
		HideSolutionNode = FALSE
	EndGlobalSection
	GlobalSection(ExtensibilityGlobals) = postSolution
		SolutionGuid = {C55A839A-E3A6-47FE-9152-A68FEF0136F7}
	EndGlobalSection
EndGlobal
